
Microsoft Visual Studio Solution File, Format Version 12.00
# Visual Studio 15
VisualStudioVersion = 15.0.27004.2010
MinimumVisualStudioVersion = 10.0.40219.1
Project("{FAE04EC0-301F-11D3-BF4B-00C04F79EFBC}") = "BankSPA.API", "BankSPA.API\BankSPA.API.csproj", "{D868D31E-3547-481A-9FD2-4ABFA125EE51}"
EndProject
Project("{FAE04EC0-301F-11D3-BF4B-00C04F79EFBC}") = "BankSPA.Models", "BankSPA.Models\BankSPA.Models.csproj", "{D7816FDD-7697-44EF-95E3-66BFB21BE432}"
EndProject
Project("{FAE04EC0-301F-11D3-BF4B-00C04F79EFBC}") = "BankSPA.Data", "BankSPA.Data\BankSPA.Data.csproj", "{BB255D22-E48A-49A1-939B-BDB53941292B}"
EndProject
Project("{FAE04EC0-301F-11D3-BF4B-00C04F79EFBC}") = "BankSPA.Services", "BankSPA.Services\BankSPA.Services.csproj", "{857E3AC0-D483-4933-8AEC-76F022E6BC2F}"
EndProject
Global
	GlobalSection(SolutionConfigurationPlatforms) = preSolution
		Debug|Any CPU = Debug|Any CPU
		Release|Any CPU = Release|Any CPU
	EndGlobalSection
	GlobalSection(ProjectConfigurationPlatforms) = postSolution
		{D868D31E-3547-481A-9FD2-4ABFA125EE51}.Debug|Any CPU.ActiveCfg = Debug|Any CPU
		{D868D31E-3547-481A-9FD2-4ABFA125EE51}.Debug|Any CPU.Build.0 = Debug|Any CPU
		{D868D31E-3547-481A-9FD2-4ABFA125EE51}.Release|Any CPU.ActiveCfg = Release|Any CPU
		{D868D31E-3547-481A-9FD2-4ABFA125EE51}.Release|Any CPU.Build.0 = Release|Any CPU
		{D7816FDD-7697-44EF-95E3-66BFB21BE432}.Debug|Any CPU.ActiveCfg = Debug|Any CPU
		{D7816FDD-7697-44EF-95E3-66BFB21BE432}.Debug|Any CPU.Build.0 = Debug|Any CPU
		{D7816FDD-7697-44EF-95E3-66BFB21BE432}.Release|Any CPU.ActiveCfg = Release|Any CPU
		{D7816FDD-7697-44EF-95E3-66BFB21BE432}.Release|Any CPU.Build.0 = Release|Any CPU
		{BB255D22-E48A-49A1-939B-BDB53941292B}.Debug|Any CPU.ActiveCfg = Debug|Any CPU
		{BB255D22-E48A-49A1-939B-BDB53941292B}.Debug|Any CPU.Build.0 = Debug|Any CPU
		{BB255D22-E48A-49A1-939B-BDB53941292B}.Release|Any CPU.ActiveCfg = Release|Any CPU
		{BB255D22-E48A-49A1-939B-BDB53941292B}.Release|Any CPU.Build.0 = Release|Any CPU
		{857E3AC0-D483-4933-8AEC-76F022E6BC2F}.Debug|Any CPU.ActiveCfg = Debug|Any CPU
		{857E3AC0-D483-4933-8AEC-76F022E6BC2F}.Debug|Any CPU.Build.0 = Debug|Any CPU
		{857E3AC0-D483-4933-8AEC-76F022E6BC2F}.Release|Any CPU.ActiveCfg = Release|Any CPU
		{857E3AC0-D483-4933-8AEC-76F022E6BC2F}.Release|Any CPU.Build.0 = Release|Any CPU
	EndGlobalSection
	GlobalSection(SolutionProperties) = preSolution
		HideSolutionNode = FALSE
	EndGlobalSection
	GlobalSection(ExtensibilityGlobals) = postSolution
		SolutionGuid = {8BF04F70-1CFD-4A2C-A1E6-572BFABE406E}
	EndGlobalSection
EndGlobal
